
Microsoft Visual Studio Solution File, Format Version 12.00
Project("{FAE04EC0-301F-11D3-BF4B-00C04F79EFBC}") = "Mastermind", "Mastermind\Mastermind.csproj", "{9CD2C19E-CF4B-42E4-952D-66E7E87341F1}"
EndProject
Project("{FAE04EC0-301F-11D3-BF4B-00C04F79EFBC}") = "Test", "Test\Test.csproj", "{60F4D33F-B0B6-4622-AD52-6B9821D67E77}"
EndProject
Global
	GlobalSection(SolutionConfigurationPlatforms) = preSolution
		Debug|Any CPU = Debug|Any CPU
		Release|Any CPU = Release|Any CPU
	EndGlobalSection
	GlobalSection(ProjectConfigurationPlatforms) = postSolution
		{9CD2C19E-CF4B-42E4-952D-66E7E87341F1}.Debug|Any CPU.ActiveCfg = Debug|Any CPU
		{9CD2C19E-CF4B-42E4-952D-66E7E87341F1}.Debug|Any CPU.Build.0 = Debug|Any CPU
		{9CD2C19E-CF4B-42E4-952D-66E7E87341F1}.Release|Any CPU.ActiveCfg = Release|Any CPU
		{9CD2C19E-CF4B-42E4-952D-66E7E87341F1}.Release|Any CPU.Build.0 = Release|Any CPU
		{60F4D33F-B0B6-4622-AD52-6B9821D67E77}.Debug|Any CPU.ActiveCfg = Debug|Any CPU
		{60F4D33F-B0B6-4622-AD52-6B9821D67E77}.Debug|Any CPU.Build.0 = Debug|Any CPU
		{60F4D33F-B0B6-4622-AD52-6B9821D67E77}.Release|Any CPU.ActiveCfg = Release|Any CPU
		{60F4D33F-B0B6-4622-AD52-6B9821D67E77}.Release|Any CPU.Build.0 = Release|Any CPU
	EndGlobalSection
EndGlobal
